<Solution>
  <Folder Name="/Solution Items/">
    <File Path="src/.gitignore" />
    <File Path="src/Directory.Build.props" />
    <File Path="src/Directory.Build.targets" />
    <File Path="src/Directory.Packages.props" />
    <File Path="src/global.json" />
  </Folder>
  <Project Path="src/DailyPlants/DailyPlants.csproj">
    <Deploy />
  </Project>
</Solution>
